<?xml version="1.0" encoding="utf-8"?>
<Project ToolsVersion="4.0" xmlns="http://schemas.microsoft.com/developer/msbuild/2003">
  <ItemGroup>
    <Filter Include="來源檔案">
      <UniqueIdentifier>{4FC737F1-C7A5-4376-A066-2A32D752A2FF}</UniqueIdentifier>
      <Extensions>cpp;c;cc;cxx;c++;cppm;ixx;def;odl;idl;hpj;bat;asm;asmx</Extensions>
    </Filter>
    <Filter Include="標頭檔">
      <UniqueIdentifier>{93995380-89BD-4b04-88EB-625FBE52EBFB}</UniqueIdentifier>
      <Extensions>h;hh;hpp;hxx;h++;hm;inl;inc;ipp;xsd</Extensions>
    </Filter>
    <Filter Include="資源檔">
      <UniqueIdentifier>{67DA6AB6-F800-4c08-8B7A-83BB121AAD01}</UniqueIdentifier>
      <Extensions>rc;ico;cur;bmp;dlg;rc2;rct;bin;rgs;gif;jpg;jpeg;jpe;resx;tiff;tif;png;wav;mfcribbon-ms</Extensions>
    </Filter>
  </ItemGroup>
  <ItemGroup>
    <ClCompile Include="nes_fw.cpp">
      <Filter>來源檔案</Filter>
    </ClCompile>
    <ClCompile Include="fw\source\cmain.c">
      <Filter>來源檔案</Filter>
    </ClCompile>
    <ClCompile Include="fw\source\GPIO.c">
      <Filter>來源檔案</Filter>
    </ClCompile>
    <ClCompile Include="fw\source\interrupt.c">
      <Filter>來源檔案</Filter>
    </ClCompile>
    <ClCompile Include="fw\source\M_SPI.c">
      <Filter>來源檔案</Filter>
    </ClCompile>
    <ClCompile Include="fw\source\pba.c">
      <Filter>來源檔案</Filter>
    </ClCompile>
    <ClCompile Include="fw\source\pba_test.c">
      <Filter>來源檔案</Filter>
    </ClCompile>
    <ClCompile Include="fw\source\pba_vc.c">
      <Filter>來源檔案</Filter>
    </ClCompile>
    <ClCompile Include="fw\source\PH_AP.C">
      <Filter>來源檔案</Filter>
    </ClCompile>
    <ClCompile Include="fw\source\SCSI_CMD.c">
      <Filter>來源檔案</Filter>
    </ClCompile>
    <ClCompile Include="fw\source\SPI_Flash.c">
      <Filter>來源檔案</Filter>
    </ClCompile>
    <ClCompile Include="fw\source\Sys.c">
      <Filter>來源檔案</Filter>
    </ClCompile>
    <ClCompile Include="fw\source\usb.c">
      <Filter>來源檔案</Filter>
    </ClCompile>
    <ClCompile Include="fw\source\USB_String.c">
      <Filter>來源檔案</Filter>
    </ClCompile>
    <ClCompile Include="fw\source\UsbBot.c">
      <Filter>來源檔案</Filter>
    </ClCompile>
    <ClCompile Include="fw\source\WDT.c">
      <Filter>來源檔案</Filter>
    </ClCompile>
  </ItemGroup>
  <ItemGroup>
    <ClInclude Include="fw\include\8051.H">
      <Filter>標頭檔</Filter>
    </ClInclude>
    <ClInclude Include="fw\include\a.h">
      <Filter>標頭檔</Filter>
    </ClInclude>
    <ClInclude Include="fw\include\All.h">
      <Filter>標頭檔</Filter>
    </ClInclude>
    <ClInclude Include="fw\include\basetype.h">
      <Filter>標頭檔</Filter>
    </ClInclude>
    <ClInclude Include="fw\include\Buf_DEF.H">
      <Filter>標頭檔</Filter>
    </ClInclude>
    <ClInclude Include="fw\include\DMA_Reg.h">
      <Filter>標頭檔</Filter>
    </ClInclude>
    <ClInclude Include="fw\include\FW_Info.h">
      <Filter>標頭檔</Filter>
    </ClInclude>
    <ClInclude Include="fw\include\GPIO_API.h">
      <Filter>標頭檔</Filter>
    </ClInclude>
    <ClInclude Include="fw\include\GPIO_Reg.h">
      <Filter>標頭檔</Filter>
    </ClInclude>
    <ClInclude Include="fw\include\HOST.h">
      <Filter>標頭檔</Filter>
    </ClInclude>
    <ClInclude Include="fw\include\Interrupt_API.h">
      <Filter>標頭檔</Filter>
    </ClInclude>
    <ClInclude Include="fw\include\IO_Macro.h">
      <Filter>標頭檔</Filter>
    </ClInclude>
    <ClInclude Include="fw\include\M_SPI_Reg.h">
      <Filter>標頭檔</Filter>
    </ClInclude>
    <ClInclude Include="fw\include\MCU_Reg.h">
      <Filter>標頭檔</Filter>
    </ClInclude>
    <ClInclude Include="fw\include\MSPI_API.H">
      <Filter>標頭檔</Filter>
    </ClInclude>
    <ClInclude Include="fw\include\Operator.h">
      <Filter>標頭檔</Filter>
    </ClInclude>
    <ClInclude Include="fw\include\pba.h">
      <Filter>標頭檔</Filter>
    </ClInclude>
    <ClInclude Include="fw\include\pba_api.h">
      <Filter>標頭檔</Filter>
    </ClInclude>
    <ClInclude Include="fw\include\pba_test.h">
      <Filter>標頭檔</Filter>
    </ClInclude>
    <ClInclude Include="fw\include\pba_test_api.h">
      <Filter>標頭檔</Filter>
    </ClInclude>
    <ClInclude Include="fw\include\pba_vc.h">
      <Filter>標頭檔</Filter>
    </ClInclude>
    <ClInclude Include="fw\include\pba_vc_api.h">
      <Filter>標頭檔</Filter>
    </ClInclude>
    <ClInclude Include="fw\include\PH_AP_API.H">
      <Filter>標頭檔</Filter>
    </ClInclude>
    <ClInclude Include="fw\include\PRAM_Def.h">
      <Filter>標頭檔</Filter>
    </ClInclude>
    <ClInclude Include="fw\include\SCSI_CMD_API.h">
      <Filter>標頭檔</Filter>
    </ClInclude>
    <ClInclude Include="fw\include\SCSI_Table.h">
      <Filter>標頭檔</Filter>
    </ClInclude>
    <ClInclude Include="fw\include\SPI_Flash_API.h">
      <Filter>標頭檔</Filter>
    </ClInclude>
    <ClInclude Include="fw\include\SPI_Flash_Reg.h">
      <Filter>標頭檔</Filter>
    </ClInclude>
    <ClInclude Include="fw\include\SPI_ROM.h">
      <Filter>標頭檔</Filter>
    </ClInclude>
    <ClInclude Include="fw\include\Sys_API.h">
      <Filter>標頭檔</Filter>
    </ClInclude>
    <ClInclude Include="fw\include\UART_API.h">
      <Filter>標頭檔</Filter>
    </ClInclude>
    <ClInclude Include="fw\include\USB_API.h">
      <Filter>標頭檔</Filter>
    </ClInclude>
    <ClInclude Include="fw\include\USB_Def.h">
      <Filter>標頭檔</Filter>
    </ClInclude>
    <ClInclude Include="fw\include\USB_String.h">
      <Filter>標頭檔</Filter>
    </ClInclude>
    <ClInclude Include="fw\include\UsbReg.h">
      <Filter>標頭檔</Filter>
    </ClInclude>
    <ClInclude Include="fw\include\Var_def.h">
      <Filter>標頭檔</Filter>
    </ClInclude>
    <ClInclude Include="fw\include\WDT_API.h">
      <Filter>標頭檔</Filter>
    </ClInclude>
    <ClInclude Include="fw\include\WDT_Reg.h">
      <Filter>標頭檔</Filter>
    </ClInclude>
    <ClInclude Include="nes.h">
      <Filter>標頭檔</Filter>
    </ClInclude>
  </ItemGroup>
</Project>